
Microsoft Visual Studio Solution File, Format Version 12.00
# Visual Studio Version 17
VisualStudioVersion = 17.5.33516.290
MinimumVisualStudioVersion = 10.0.40219.1
Project("{9A19103F-16F7-4668-BE54-9A1E7A4F7556}") = "Faceid2", "Faceid2.csproj", "{C670CE86-244C-412D-9956-42DCE82F3FF5}"
EndProject
Global
	GlobalSection(SolutionConfigurationPlatforms) = preSolution
		Debug|Any CPU = Debug|Any CPU
		Release|Any CPU = Release|Any CPU
	EndGlobalSection
	GlobalSection(ProjectConfigurationPlatforms) = postSolution
		{C670CE86-244C-412D-9956-42DCE82F3FF5}.Debug|Any CPU.ActiveCfg = Debug|Any CPU
		{C670CE86-244C-412D-9956-42DCE82F3FF5}.Debug|Any CPU.Build.0 = Debug|Any CPU
		{C670CE86-244C-412D-9956-42DCE82F3FF5}.Release|Any CPU.ActiveCfg = Release|Any CPU
		{C670CE86-244C-412D-9956-42DCE82F3FF5}.Release|Any CPU.Build.0 = Release|Any CPU
	EndGlobalSection
	GlobalSection(SolutionProperties) = preSolution
		HideSolutionNode = FALSE
	EndGlobalSection
	GlobalSection(ExtensibilityGlobals) = postSolution
		SolutionGuid = {4B95DB86-67ED-4B77-A03B-CCEA8FD6B5F8}
	EndGlobalSection
EndGlobal
